// !$*UTF8*$!
{
	archiveVersion = 1;
	classes = {
	};
	objectVersion = 48;
	objects = {

/* Begin PBXBuildFile section */
		050D6B4A200DA9D800BF28EB /* AppDelegate.swift in Sources */ = {isa = PBXBuildFile; fileRef = 050D6B49200DA9D800BF28EB /* AppDelegate.swift */; };
		050D6B4C200DA9D800BF28EB /* ViewController.swift in Sources */ = {isa = PBXBuildFile; fileRef = 050D6B4B200DA9D800BF28EB /* ViewController.swift */; };
		050D6B4F200DA9D800BF28EB /* Main.storyboard in Resources */ = {isa = PBXBuildFile; fileRef = 050D6B4D200DA9D800BF28EB /* Main.storyboard */; };
		050D6B52200DA9D800BF28EB /* Cosmetologistios.xcdatamodeld in Sources */ = {isa = PBXBuildFile; fileRef = 050D6B50200DA9D800BF28EB /* Cosmetologistios.xcdatamodeld */; };
		050D6B54200DA9D800BF28EB /* Assets.xcassets in Resources */ = {isa = PBXBuildFile; fileRef = 050D6B53200DA9D800BF28EB /* Assets.xcassets */; };
		050D6B57200DA9D800BF28EB /* LaunchScreen.storyboard in Resources */ = {isa = PBXBuildFile; fileRef = 050D6B55200DA9D800BF28EB /* LaunchScreen.storyboard */; };
		050D6B5F200DAA3300BF28EB /* Messagenote.swift in Sources */ = {isa = PBXBuildFile; fileRef = 050D6B5E200DAA3300BF28EB /* Messagenote.swift */; };
		050D6B61200DAABD00BF28EB /* 12345.mp3 in Resources */ = {isa = PBXBuildFile; fileRef = 050D6B60200DAABD00BF28EB /* 12345.mp3 */; };
		05AC2AD0200C9267004AC249 /* cosmetologistlogo180.png in Resources */ = {isa = PBXBuildFile; fileRef = 05AC2ACF200C9266004AC249 /* cosmetologistlogo180.png */; };
/* End PBXBuildFile section */

/* Begin PBXFileReference section */
		050D6B46200DA9D800BF28EB /* Cosmetologistios.app */ = {isa = PBXFileReference; explicitFileType = wrapper.application; includeInIndex = 0; path = Cosmetologistios.app; sourceTree = BUILT_PRODUCTS_DIR; };
		050D6B49200DA9D800BF28EB /* AppDelegate.swift */ = {isa = PBXFileReference; lastKnownFileType = sourcecode.swift; path = AppDelegate.swift; sourceTree = "<group>"; };
		050D6B4B200DA9D800BF28EB /* ViewController.swift */ = {isa = PBXFileReference; lastKnownFileType = sourcecode.swift; path = ViewController.swift; sourceTree = "<group>"; };
		050D6B4E200DA9D800BF28EB /* Base */ = {isa = PBXFileReference; lastKnownFileType = file.storyboard; name = Base; path = Base.lproj/Main.storyboard; sourceTree = "<group>"; };
		050D6B51200DA9D800BF28EB /* Cosmetologistios.xcdatamodel */ = {isa = PBXFileReference; lastKnownFileType = wrapper.xcdatamodel; path = Cosmetologistios.xcdatamodel; sourceTree = "<group>"; };
		050D6B53200DA9D800BF28EB /* Assets.xcassets */ = {isa = PBXFileReference; lastKnownFileType = folder.assetcatalog; path = Assets.xcassets; sourceTree = "<group>"; };
		050D6B56200DA9D800BF28EB /* Base */ = {isa = PBXFileReference; lastKnownFileType = file.storyboard; name = Base; path = Base.lproj/LaunchScreen.storyboard; sourceTree = "<group>"; };
		050D6B58200DA9D800BF28EB /* Info.plist */ = {isa = PBXFileReference; lastKnownFileType = text.plist.xml; path = Info.plist; sourceTree = "<group>"; };
		050D6B5E200DAA3300BF28EB /* Messagenote.swift */ = {isa = PBXFileReference; lastKnownFileType = sourcecode.swift; path = Messagenote.swift; sourceTree = "<group>"; };
		050D6B60200DAABD00BF28EB /* 12345.mp3 */ = {isa = PBXFileReference; lastKnownFileType = audio.mp3; path = 12345.mp3; sourceTree = "<group>"; };
		05AC2ACF200C9266004AC249 /* cosmetologistlogo180.png */ = {isa = PBXFileReference; lastKnownFileType = image.png; path = cosmetologistlogo180.png; sourceTree = "<group>"; };
/* End PBXFileReference section */

/* Begin PBXFrameworksBuildPhase section */
		050D6B43200DA9D800BF28EB /* Frameworks */ = {
			isa = PBXFrameworksBuildPhase;
			buildActionMask = 2147483647;
			files = (
			);
			runOnlyForDeploymentPostprocessing = 0;
		};
/* End PBXFrameworksBuildPhase section */

/* Begin PBXGroup section */
		050D6B3D200DA9D800BF28EB = {
			isa = PBXGroup;
			children = (
				050D6B48200DA9D800BF28EB /* Cosmetologistios */,
				050D6B47200DA9D800BF28EB /* Products */,
			);
			sourceTree = "<group>";
		};
		050D6B47200DA9D800BF28EB /* Products */ = {
			isa = PBXGroup;
			children = (
				050D6B46200DA9D800BF28EB /* Cosmetologistios.app */,
			);
			name = Products;
			sourceTree = "<group>";
		};
		050D6B48200DA9D800BF28EB /* Cosmetologistios */ = {
			isa = PBXGroup;
			children = (
				05AC2ACF200C9266004AC249 /* cosmetologistlogo180.png */,
				050D6B60200DAABD00BF28EB /* 12345.mp3 */,
				050D6B49200DA9D800BF28EB /* AppDelegate.swift */,
				050D6B4B200DA9D800BF28EB /* ViewController.swift */,
				050D6B4D200DA9D800BF28EB /* Main.storyboard */,
				050D6B53200DA9D800BF28EB /* Assets.xcassets */,
				050D6B55200DA9D800BF28EB /* LaunchScreen.storyboard */,
				050D6B58200DA9D800BF28EB /* Info.plist */,
				050D6B50200DA9D800BF28EB /* Cosmetologistios.xcdatamodeld */,
				050D6B5E200DAA3300BF28EB /* Messagenote.swift */,
			);
			path = Cosmetologistios;
			sourceTree = "<group>";
		};
/* End PBXGroup section */

/* Begin PBXNativeTarget section */
		050D6B45200DA9D800BF28EB /* Cosmetologistios */ = {
			isa = PBXNativeTarget;
			buildConfigurationList = 050D6B5B200DA9D800BF28EB /* Build configuration list for PBXNativeTarget "Cosmetologistios" */;
			buildPhases = (
				050D6B42200DA9D800BF28EB /* Sources */,
				050D6B43200DA9D800BF28EB /* Frameworks */,
				050D6B44200DA9D800BF28EB /* Resources */,
			);
			buildRules = (
			);
			dependencies = (
			);
			name = Cosmetologistios;
			productName = Cosmetologistios;
			productReference = 050D6B46200DA9D800BF28EB /* Cosmetologistios.app */;
			productType = "com.apple.product-type.application";
		};
/* End PBXNativeTarget section */

/* Begin PBXProject section */
		050D6B3E200DA9D800BF28EB /* Project object */ = {
			isa = PBXProject;
			attributes = {
				LastSwiftUpdateCheck = 0920;
				LastUpgradeCheck = 0920;
				ORGANIZATIONNAME = "江东";
				TargetAttributes = {
					050D6B45200DA9D800BF28EB = {
						CreatedOnToolsVersion = 9.2;
						ProvisioningStyle = Automatic;
						SystemCapabilities = {
							com.apple.BackgroundModes = {
								enabled = 1;
							};
						};
					};
				};
			};
			buildConfigurationList = 050D6B41200DA9D800BF28EB /* Build configuration list for PBXProject "Cosmetologistios" */;
			compatibilityVersion = "Xcode 8.0";
			developmentRegion = en;
			hasScannedForEncodings = 0;
			knownRegions = (
				en,
				Base,
			);
			mainGroup = 050D6B3D200DA9D800BF28EB;
			productRefGroup = 050D6B47200DA9D800BF28EB /* Products */;
			projectDirPath = "";
			projectRoot = "";
			targets = (
				050D6B45200DA9D800BF28EB /* Cosmetologistios */,
			);
		};
/* End PBXProject section */

/* Begin PBXResourcesBuildPhase section */
		050D6B44200DA9D800BF28EB /* Resources */ = {
			isa = PBXResourcesBuildPhase;
			buildActionMask = 2147483647;
			files = (
				050D6B57200DA9D800BF28EB /* LaunchScreen.storyboard in Resources */,
				050D6B54200DA9D800BF28EB /* Assets.xcassets in Resources */,
				050D6B61200DAABD00BF28EB /* 12345.mp3 in Resources */,
				050D6B4F200DA9D800BF28EB /* Main.storyboard in Resources */,
				05AC2AD0200C9267004AC249 /* cosmetologistlogo180.png in Resources */,
			);
			runOnlyForDeploymentPostprocessing = 0;
		};
/* End PBXResourcesBuildPhase section */

/* Begin PBXSourcesBuildPhase section */
		050D6B42200DA9D800BF28EB /* Sources */ = {
			isa = PBXSourcesBuildPhase;
			buildActionMask = 2147483647;
			files = (
				050D6B4C200DA9D800BF28EB /* ViewController.swift in Sources */,
				050D6B52200DA9D800BF28EB /* Cosmetologistios.xcdatamodeld in Sources */,
				050D6B4A200DA9D800BF28EB /* AppDelegate.swift in Sources */,
				050D6B5F200DAA3300BF28EB /* Messagenote.swift in Sources */,
			);
			runOnlyForDeploymentPostprocessing = 0;
		};
/* End PBXSourcesBuildPhase section */

/* Begin PBXVariantGroup section */
		050D6B4D200DA9D800BF28EB /* Main.storyboard */ = {
			isa = PBXVariantGroup;
			children = (
				050D6B4E200DA9D800BF28EB /* Base */,
			);
			name = Main.storyboard;
			sourceTree = "<group>";
		};
		050D6B55200DA9D800BF28EB /* LaunchScreen.storyboard */ = {
			isa = PBXVariantGroup;
			children = (
				050D6B56200DA9D800BF28EB /* Base */,
			);
			name = LaunchScreen.storyboard;
			sourceTree = "<group>";
		};
/* End PBXVariantGroup section */

/* Begin XCBuildConfiguration section */
		050D6B59200DA9D800BF28EB /* Debug */ = {
			isa = XCBuildConfiguration;
			buildSettings = {
				ALWAYS_SEARCH_USER_PATHS = NO;
				CLANG_ANALYZER_NONNULL = YES;
				CLANG_ANALYZER_NUMBER_OBJECT_CONVERSION = YES_AGGRESSIVE;
				CLANG_CXX_LANGUAGE_STANDARD = "gnu++14";
				CLANG_CXX_LIBRARY = "libc++";
				CLANG_ENABLE_MODULES = YES;
				CLANG_ENABLE_OBJC_ARC = YES;
				CLANG_WARN_BLOCK_CAPTURE_AUTORELEASING = YES;
				CLANG_WARN_BOOL_CONVERSION = YES;
				CLANG_WARN_COMMA = YES;
				CLANG_WARN_CONSTANT_CONVERSION = YES;
				CLANG_WARN_DIRECT_OBJC_ISA_USAGE = YES_ERROR;
				CLANG_WARN_DOCUMENTATION_COMMENTS = YES;
				CLANG_WARN_EMPTY_BODY = YES;
				CLANG_WARN_ENUM_CONVERSION = YES;
				CLANG_WARN_INFINITE_RECURSION = YES;
				CLANG_WARN_INT_CONVERSION = YES;
				CLANG_WARN_NON_LITERAL_NULL_CONVERSION = YES;
				CLANG_WARN_OBJC_LITERAL_CONVERSION = YES;
				CLANG_WARN_OBJC_ROOT_CLASS = YES_ERROR;
				CLANG_WARN_RANGE_LOOP_ANALYSIS = YES;
				CLANG_WARN_STRICT_PROTOTYPES = YES;
				CLANG_WARN_SUSPICIOUS_MOVE = YES;
				CLANG_WARN_UNGUARDED_AVAILABILITY = YES_AGGRESSIVE;
				CLANG_WARN_UNREACHABLE_CODE = YES;
				CLANG_WARN__DUPLICATE_METHOD_MATCH = YES;
				CODE_SIGN_IDENTITY = "iPhone Developer";
				COPY_PHASE_STRIP = NO;
				DEBUG_INFORMATION_FORMAT = dwarf;
				ENABLE_STRICT_OBJC_MSGSEND = YES;
				ENABLE_TESTABILITY = YES;
				GCC_C_LANGUAGE_STANDARD = gnu11;
				GCC_DYNAMIC_NO_PIC = NO;
				GCC_NO_COMMON_BLOCKS = YES;
				GCC_OPTIMIZATION_LEVEL = 0;
				GCC_PREPROCESSOR_DEFINITIONS = (
					"DEBUG=1",
					"$(inherited)",
				);
				GCC_WARN_64_TO_32_BIT_CONVERSION = YES;
				GCC_WARN_ABOUT_RETURN_TYPE = YES_ERROR;
				GCC_WARN_UNDECLARED_SELECTOR = YES;
				GCC_WARN_UNINITIALIZED_AUTOS = YES_AGGRESSIVE;
				GCC_WARN_UNUSED_FUNCTION = YES;
				GCC_WARN_UNUSED_VARIABLE = YES;
				IPHONEOS_DEPLOYMENT_TARGET = 11.2;
				MTL_ENABLE_DEBUG_INFO = YES;
				ONLY_ACTIVE_ARCH = YES;
				SDKROOT = iphoneos;
				SWIFT_ACTIVE_COMPILATION_CONDITIONS = DEBUG;
				SWIFT_OPTIMIZATION_LEVEL = "-Onone";
			};
			name = Debug;
		};
		050D6B5A200DA9D800BF28EB /* Release */ = {
			isa = XCBuildConfiguration;
			buildSettings = {
				ALWAYS_SEARCH_USER_PATHS = NO;
				CLANG_ANALYZER_NONNULL = YES;
				CLANG_ANALYZER_NUMBER_OBJECT_CONVERSION = YES_AGGRESSIVE;
				CLANG_CXX_LANGUAGE_STANDARD = "gnu++14";
				CLANG_CXX_LIBRARY = "libc++";
				CLANG_ENABLE_MODULES = YES;
				CLANG_ENABLE_OBJC_ARC = YES;
				CLANG_WARN_BLOCK_CAPTURE_AUTORELEASING = YES;
				CLANG_WARN_BOOL_CONVERSION = YES;
				CLANG_WARN_COMMA = YES;
				CLANG_WARN_CONSTANT_CONVERSION = YES;
				CLANG_WARN_DIRECT_OBJC_ISA_USAGE = YES_ERROR;
				CLANG_WARN_DOCUMENTATION_COMMENTS = YES;
				CLANG_WARN_EMPTY_BODY = YES;
				CLANG_WARN_ENUM_CONVERSION = YES;
				CLANG_WARN_INFINITE_RECURSION = YES;
				CLANG_WARN_INT_CONVERSION = YES;
				CLANG_WARN_NON_LITERAL_NULL_CONVERSION = YES;
				CLANG_WARN_OBJC_LITERAL_CONVERSION = YES;
				CLANG_WARN_OBJC_ROOT_CLASS = YES_ERROR;
				CLANG_WARN_RANGE_LOOP_ANALYSIS = YES;
				CLANG_WARN_STRICT_PROTOTYPES = YES;
				CLANG_WARN_SUSPICIOUS_MOVE = YES;
				CLANG_WARN_UNGUARDED_AVAILABILITY = YES_AGGRESSIVE;
				CLANG_WARN_UNREACHABLE_CODE = YES;
				CLANG_WARN__DUPLICATE_METHOD_MATCH = YES;
				CODE_SIGN_IDENTITY = "iPhone Developer";
				COPY_PHASE_STRIP = NO;
				DEBUG_INFORMATION_FORMAT = "dwarf-with-dsym";
				ENABLE_NS_ASSERTIONS = NO;
				ENABLE_STRICT_OBJC_MSGSEND = YES;
				GCC_C_LANGUAGE_STANDARD = gnu11;
				GCC_NO_COMMON_BLOCKS = YES;
				GCC_WARN_64_TO_32_BIT_CONVERSION = YES;
				GCC_WARN_ABOUT_RETURN_TYPE = YES_ERROR;
				GCC_WARN_UNDECLARED_SELECTOR = YES;
				GCC_WARN_UNINITIALIZED_AUTOS = YES_AGGRESSIVE;
				GCC_WARN_UNUSED_FUNCTION = YES;
				GCC_WARN_UNUSED_VARIABLE = YES;
				IPHONEOS_DEPLOYMENT_TARGET = 11.2;
				MTL_ENABLE_DEBUG_INFO = NO;
				SDKROOT = iphoneos;
				SWIFT_OPTIMIZATION_LEVEL = "-Owholemodule";
				VALIDATE_PRODUCT = YES;
			};
			name = Release;
		};
		050D6B5C200DA9D800BF28EB /* Debug */ = {
			isa = XCBuildConfiguration;
			buildSettings = {
				ASSETCATALOG_COMPILER_APPICON_NAME = AppIcon;
				CODE_SIGN_STYLE = Automatic;
				COPY_PHASE_STRIP = NO;
				DEPLOYMENT_POSTPROCESSING = NO;
				DEVELOPMENT_TEAM = Y683GGLLBM;
				ENABLE_BITCODE = NO;
				ENABLE_TESTABILITY = NO;
				GCC_OPTIMIZATION_LEVEL = s;
				INFOPLIST_FILE = Cosmetologistios/Info.plist;
				LD_RUNPATH_SEARCH_PATHS = "$(inherited) @executable_path/Frameworks";
				PRECOMPS_INCLUDE_HEADERS_FROM_BUILT_PRODUCTS_DIR = YES;
				PRODUCT_BUNDLE_IDENTIFIER = jd.Cosmetologistios;
				PRODUCT_NAME = "$(TARGET_NAME)";
				SWIFT_VERSION = 4.0;
				TARGETED_DEVICE_FAMILY = "1,2";
			};
			name = Debug;
		};
		050D6B5D200DA9D800BF28EB /* Release */ = {
			isa = XCBuildConfiguration;
			buildSettings = {
				ASSETCATALOG_COMPILER_APPICON_NAME = AppIcon;
				CODE_SIGN_STYLE = Automatic;
				COPY_PHASE_STRIP = NO;
				DEPLOYMENT_POSTPROCESSING = NO;
				DEVELOPMENT_TEAM = Y683GGLLBM;
				ENABLE_BITCODE = NO;
				INFOPLIST_FILE = Cosmetologistios/Info.plist;
				LD_RUNPATH_SEARCH_PATHS = "$(inherited) @executable_path/Frameworks";
				PRECOMPS_INCLUDE_HEADERS_FROM_BUILT_PRODUCTS_DIR = YES;
				PRODUCT_BUNDLE_IDENTIFIER = jd.Cosmetologistios;
				PRODUCT_NAME = "$(TARGET_NAME)";
				SWIFT_VERSION = 4.0;
				TARGETED_DEVICE_FAMILY = "1,2";
				VALIDATE_PRODUCT = NO;
			};
			name = Release;
		};
/* End XCBuildConfiguration section */

/* Begin XCConfigurationList section */
		050D6B41200DA9D800BF28EB /* Build configuration list for PBXProject "Cosmetologistios" */ = {
			isa = XCConfigurationList;
			buildConfigurations = (
				050D6B59200DA9D800BF28EB /* Debug */,
				050D6B5A200DA9D800BF28EB /* Release */,
			);
			defaultConfigurationIsVisible = 0;
			defaultConfigurationName = Release;
		};
		050D6B5B200DA9D800BF28EB /* Build configuration list for PBXNativeTarget "Cosmetologistios" */ = {
			isa = XCConfigurationList;
			buildConfigurations = (
				050D6B5C200DA9D800BF28EB /* Debug */,
				050D6B5D200DA9D800BF28EB /* Release */,
			);
			defaultConfigurationIsVisible = 0;
			defaultConfigurationName = Release;
		};
/* End XCConfigurationList section */

/* Begin XCVersionGroup section */
		050D6B50200DA9D800BF28EB /* Cosmetologistios.xcdatamodeld */ = {
			isa = XCVersionGroup;
			children = (
				050D6B51200DA9D800BF28EB /* Cosmetologistios.xcdatamodel */,
			);
			currentVersion = 050D6B51200DA9D800BF28EB /* Cosmetologistios.xcdatamodel */;
			path = Cosmetologistios.xcdatamodeld;
			sourceTree = "<group>";
			versionGroupType = wrapper.xcdatamodel;
		};
/* End XCVersionGroup section */
	};
	rootObject = 050D6B3E200DA9D800BF28EB /* Project object */;
}
